{
  "originHash" : "be41e8116fe90f8ef8c6f34eb7db9f8c5eef4eefb943aaae7ee0afc86605bf09",
  "pins" : [
    {
      "identity" : "millionairedesignsystem",
      "kind" : "remoteSourceControl",
      "location" : "https://github.com/IncognitoCxde/MillionaireDesignSystem",
      "state" : {
        "branch" : "develop",
        "revision" : "7992d0785cba7e6321544b161634e918f7158fef"
      }
    }
  ],
  "version" : 3
}
